
Microsoft Visual Studio Solution File, Format Version 12.00
# Visual Studio Version 16
VisualStudioVersion = 16.0.29609.76
MinimumVisualStudioVersion = 10.0.40219.1
Project("{FAE04EC0-301F-11D3-BF4B-00C04F79EFBC}") = "ProvaC", "ProvaC.csproj", "{0938AE67-85CA-4438-BB97-0DB40A221466}"
EndProject
Global
	GlobalSection(SolutionConfigurationPlatforms) = preSolution
		Debug|Any CPU = Debug|Any CPU
		Release|Any CPU = Release|Any CPU
	EndGlobalSection
	GlobalSection(ProjectConfigurationPlatforms) = postSolution
		{0938AE67-85CA-4438-BB97-0DB40A221466}.Debug|Any CPU.ActiveCfg = Debug|Any CPU
		{0938AE67-85CA-4438-BB97-0DB40A221466}.Debug|Any CPU.Build.0 = Debug|Any CPU
		{0938AE67-85CA-4438-BB97-0DB40A221466}.Release|Any CPU.ActiveCfg = Release|Any CPU
		{0938AE67-85CA-4438-BB97-0DB40A221466}.Release|Any CPU.Build.0 = Release|Any CPU
	EndGlobalSection
	GlobalSection(SolutionProperties) = preSolution
		HideSolutionNode = FALSE
	EndGlobalSection
	GlobalSection(ExtensibilityGlobals) = postSolution
		SolutionGuid = {D070E643-1D11-4A4E-993E-2AF259B97AB1}
	EndGlobalSection
EndGlobal
